// !$*UTF8*$!
{
	archiveVersion = 1;
	classes = {
	};
	objectVersion = 50;
	objects = {

/* Begin PBXBuildFile section */
		79158F1C2350876E009C133B /* AppDelegate.swift in Sources */ = {isa = PBXBuildFile; fileRef = 79158F1B2350876E009C133B /* AppDelegate.swift */; };
		79158F1E2350876E009C133B /* SceneDelegate.swift in Sources */ = {isa = PBXBuildFile; fileRef = 79158F1D2350876E009C133B /* SceneDelegate.swift */; };
		79158F252350876F009C133B /* Assets.xcassets in Resources */ = {isa = PBXBuildFile; fileRef = 79158F242350876F009C133B /* Assets.xcassets */; };
		79158F282350876F009C133B /* LaunchScreen.storyboard in Resources */ = {isa = PBXBuildFile; fileRef = 79158F262350876F009C133B /* LaunchScreen.storyboard */; };
		7933B97C23D22E6800C98ECE /* Parser.swift in Sources */ = {isa = PBXBuildFile; fileRef = 7933B97B23D22E6800C98ECE /* Parser.swift */; };
		7933B97E23D22F9500C98ECE /* data.xml in Resources */ = {isa = PBXBuildFile; fileRef = 7933B97D23D22F9500C98ECE /* data.xml */; };
		79C18FE923CF6F89000B06BE /* Currency.swift in Sources */ = {isa = PBXBuildFile; fileRef = 79C18FE823CF6F89000B06BE /* Currency.swift */; };
		79F2E3C623CE1C68005D06BB /* CoursesViewController.swift in Sources */ = {isa = PBXBuildFile; fileRef = 79F2E3C423CE1C68005D06BB /* CoursesViewController.swift */; };
		79F2E3C723CE1C68005D06BB /* CoursesViewController.xib in Resources */ = {isa = PBXBuildFile; fileRef = 79F2E3C523CE1C68005D06BB /* CoursesViewController.xib */; };
		79F2E3CC23CE1CBE005D06BB /* CoursesPresenter.swift in Sources */ = {isa = PBXBuildFile; fileRef = 79F2E3CB23CE1CBE005D06BB /* CoursesPresenter.swift */; };
		79F2E3D323CE1DC8005D06BB /* DateChangeViewController.swift in Sources */ = {isa = PBXBuildFile; fileRef = 79F2E3D123CE1DC8005D06BB /* DateChangeViewController.swift */; };
		79F2E3D423CE1DC8005D06BB /* DateChangeViewController.xib in Resources */ = {isa = PBXBuildFile; fileRef = 79F2E3D223CE1DC8005D06BB /* DateChangeViewController.xib */; };
		79F2E3D723CE1DD8005D06BB /* CurrencySelectionViewController.swift in Sources */ = {isa = PBXBuildFile; fileRef = 79F2E3D523CE1DD8005D06BB /* CurrencySelectionViewController.swift */; };
		79F2E3D823CE1DD8005D06BB /* CurrencySelectionViewController.xib in Resources */ = {isa = PBXBuildFile; fileRef = 79F2E3D623CE1DD8005D06BB /* CurrencySelectionViewController.xib */; };
		79F2E3DB23CE1DE8005D06BB /* ConverterViewController.swift in Sources */ = {isa = PBXBuildFile; fileRef = 79F2E3D923CE1DE8005D06BB /* ConverterViewController.swift */; };
		79F2E3DC23CE1DE8005D06BB /* ConverterViewController.xib in Resources */ = {isa = PBXBuildFile; fileRef = 79F2E3DA23CE1DE8005D06BB /* ConverterViewController.xib */; };
		79F2E3E523CE1E53005D06BB /* ConverterPresenter.swift in Sources */ = {isa = PBXBuildFile; fileRef = 79F2E3E423CE1E53005D06BB /* ConverterPresenter.swift */; };
		79F2E3E723CE1E70005D06BB /* CurrencySelectionPresenter.swift in Sources */ = {isa = PBXBuildFile; fileRef = 79F2E3E623CE1E70005D06BB /* CurrencySelectionPresenter.swift */; };
		79F2E3E923CE1E87005D06BB /* DateChangePresenter.swift in Sources */ = {isa = PBXBuildFile; fileRef = 79F2E3E823CE1E87005D06BB /* DateChangePresenter.swift */; };
		79F2E3EB23CE1EFF005D06BB /* Router.swift in Sources */ = {isa = PBXBuildFile; fileRef = 79F2E3EA23CE1EFF005D06BB /* Router.swift */; };
		79F2E3ED23CE1F0E005D06BB /* AssemblyModelBuilder.swift in Sources */ = {isa = PBXBuildFile; fileRef = 79F2E3EC23CE1F0E005D06BB /* AssemblyModelBuilder.swift */; };
		79F2E3F023CE1FE9005D06BB /* NetworkService.swift in Sources */ = {isa = PBXBuildFile; fileRef = 79F2E3EF23CE1FE9005D06BB /* NetworkService.swift */; };
/* End PBXBuildFile section */

/* Begin PBXFileReference section */
		79158F182350876E009C133B /* Currency Converter.app */ = {isa = PBXFileReference; explicitFileType = wrapper.application; includeInIndex = 0; path = "Currency Converter.app"; sourceTree = BUILT_PRODUCTS_DIR; };
		79158F1B2350876E009C133B /* AppDelegate.swift */ = {isa = PBXFileReference; lastKnownFileType = sourcecode.swift; path = AppDelegate.swift; sourceTree = "<group>"; };
		79158F1D2350876E009C133B /* SceneDelegate.swift */ = {isa = PBXFileReference; lastKnownFileType = sourcecode.swift; path = SceneDelegate.swift; sourceTree = "<group>"; };
		79158F242350876F009C133B /* Assets.xcassets */ = {isa = PBXFileReference; lastKnownFileType = folder.assetcatalog; path = Assets.xcassets; sourceTree = "<group>"; };
		79158F272350876F009C133B /* Base */ = {isa = PBXFileReference; lastKnownFileType = file.storyboard; name = Base; path = Base.lproj/LaunchScreen.storyboard; sourceTree = "<group>"; };
		79158F292350876F009C133B /* Info.plist */ = {isa = PBXFileReference; lastKnownFileType = text.plist.xml; path = Info.plist; sourceTree = "<group>"; };
		7933B97B23D22E6800C98ECE /* Parser.swift */ = {isa = PBXFileReference; lastKnownFileType = sourcecode.swift; path = Parser.swift; sourceTree = "<group>"; };
		7933B97D23D22F9500C98ECE /* data.xml */ = {isa = PBXFileReference; fileEncoding = 4; lastKnownFileType = text.xml; name = data.xml; path = "Currency Converter/data.xml"; sourceTree = SOURCE_ROOT; };
		79C18FE823CF6F89000B06BE /* Currency.swift */ = {isa = PBXFileReference; lastKnownFileType = sourcecode.swift; path = Currency.swift; sourceTree = "<group>"; };
		79F2E3C423CE1C68005D06BB /* CoursesViewController.swift */ = {isa = PBXFileReference; lastKnownFileType = sourcecode.swift; path = CoursesViewController.swift; sourceTree = "<group>"; };
		79F2E3C523CE1C68005D06BB /* CoursesViewController.xib */ = {isa = PBXFileReference; lastKnownFileType = file.xib; path = CoursesViewController.xib; sourceTree = "<group>"; };
		79F2E3CB23CE1CBE005D06BB /* CoursesPresenter.swift */ = {isa = PBXFileReference; lastKnownFileType = sourcecode.swift; path = CoursesPresenter.swift; sourceTree = "<group>"; };
		79F2E3D123CE1DC8005D06BB /* DateChangeViewController.swift */ = {isa = PBXFileReference; lastKnownFileType = sourcecode.swift; path = DateChangeViewController.swift; sourceTree = "<group>"; };
		79F2E3D223CE1DC8005D06BB /* DateChangeViewController.xib */ = {isa = PBXFileReference; lastKnownFileType = file.xib; path = DateChangeViewController.xib; sourceTree = "<group>"; };
		79F2E3D523CE1DD8005D06BB /* CurrencySelectionViewController.swift */ = {isa = PBXFileReference; lastKnownFileType = sourcecode.swift; path = CurrencySelectionViewController.swift; sourceTree = "<group>"; };
		79F2E3D623CE1DD8005D06BB /* CurrencySelectionViewController.xib */ = {isa = PBXFileReference; lastKnownFileType = file.xib; path = CurrencySelectionViewController.xib; sourceTree = "<group>"; };
		79F2E3D923CE1DE8005D06BB /* ConverterViewController.swift */ = {isa = PBXFileReference; lastKnownFileType = sourcecode.swift; path = ConverterViewController.swift; sourceTree = "<group>"; };
		79F2E3DA23CE1DE8005D06BB /* ConverterViewController.xib */ = {isa = PBXFileReference; lastKnownFileType = file.xib; path = ConverterViewController.xib; sourceTree = "<group>"; };
		79F2E3E423CE1E53005D06BB /* ConverterPresenter.swift */ = {isa = PBXFileReference; lastKnownFileType = sourcecode.swift; path = ConverterPresenter.swift; sourceTree = "<group>"; };
		79F2E3E623CE1E70005D06BB /* CurrencySelectionPresenter.swift */ = {isa = PBXFileReference; lastKnownFileType = sourcecode.swift; path = CurrencySelectionPresenter.swift; sourceTree = "<group>"; };
		79F2E3E823CE1E87005D06BB /* DateChangePresenter.swift */ = {isa = PBXFileReference; lastKnownFileType = sourcecode.swift; path = DateChangePresenter.swift; sourceTree = "<group>"; };
		79F2E3EA23CE1EFF005D06BB /* Router.swift */ = {isa = PBXFileReference; lastKnownFileType = sourcecode.swift; path = Router.swift; sourceTree = "<group>"; };
		79F2E3EC23CE1F0E005D06BB /* AssemblyModelBuilder.swift */ = {isa = PBXFileReference; lastKnownFileType = sourcecode.swift; path = AssemblyModelBuilder.swift; sourceTree = "<group>"; };
		79F2E3EF23CE1FE9005D06BB /* NetworkService.swift */ = {isa = PBXFileReference; lastKnownFileType = sourcecode.swift; path = NetworkService.swift; sourceTree = "<group>"; };
/* End PBXFileReference section */

/* Begin PBXFrameworksBuildPhase section */
		79158F152350876E009C133B /* Frameworks */ = {
			isa = PBXFrameworksBuildPhase;
			buildActionMask = 2147483647;
			files = (
			);
			runOnlyForDeploymentPostprocessing = 0;
		};
/* End PBXFrameworksBuildPhase section */

/* Begin PBXGroup section */
		79158F0F2350876E009C133B = {
			isa = PBXGroup;
			children = (
				79158F1A2350876E009C133B /* Currency Converter */,
				79158F192350876E009C133B /* Products */,
			);
			sourceTree = "<group>";
		};
		79158F192350876E009C133B /* Products */ = {
			isa = PBXGroup;
			children = (
				79158F182350876E009C133B /* Currency Converter.app */,
			);
			name = Products;
			sourceTree = "<group>";
		};
		79158F1A2350876E009C133B /* Currency Converter */ = {
			isa = PBXGroup;
			children = (
				79158F1B2350876E009C133B /* AppDelegate.swift */,
				79158F1D2350876E009C133B /* SceneDelegate.swift */,
				79F2E3EC23CE1F0E005D06BB /* AssemblyModelBuilder.swift */,
				79F2E3EA23CE1EFF005D06BB /* Router.swift */,
				79C18FE823CF6F89000B06BE /* Currency.swift */,
				79F2E3EE23CE1FDD005D06BB /* ServiceLayer */,
				79F2E3C823CE1C6C005D06BB /* CoursesView */,
				79F2E3D023CE1DA7005D06BB /* DateChangeView */,
				79F2E3CE23CE1D59005D06BB /* ConverterView */,
				79F2E3CF23CE1D89005D06BB /* CurrencySelectionView */,
				7933B97D23D22F9500C98ECE /* data.xml */,
				79158F262350876F009C133B /* LaunchScreen.storyboard */,
				79158F292350876F009C133B /* Info.plist */,
				79158F242350876F009C133B /* Assets.xcassets */,
			);
			path = "Currency Converter";
			sourceTree = "<group>";
		};
		79F2E3C823CE1C6C005D06BB /* CoursesView */ = {
			isa = PBXGroup;
			children = (
				79F2E3C923CE1C82005D06BB /* View */,
				79F2E3CA23CE1C92005D06BB /* Presenter */,
			);
			path = CoursesView;
			sourceTree = "<group>";
		};
		79F2E3C923CE1C82005D06BB /* View */ = {
			isa = PBXGroup;
			children = (
				79F2E3C423CE1C68005D06BB /* CoursesViewController.swift */,
				79F2E3C523CE1C68005D06BB /* CoursesViewController.xib */,
			);
			path = View;
			sourceTree = "<group>";
		};
		79F2E3CA23CE1C92005D06BB /* Presenter */ = {
			isa = PBXGroup;
			children = (
				79F2E3CB23CE1CBE005D06BB /* CoursesPresenter.swift */,
			);
			path = Presenter;
			sourceTree = "<group>";
		};
		79F2E3CE23CE1D59005D06BB /* ConverterView */ = {
			isa = PBXGroup;
			children = (
				79F2E3DD23CE1DED005D06BB /* View */,
				79F2E3E323CE1E32005D06BB /* Presenter */,
			);
			path = ConverterView;
			sourceTree = "<group>";
		};
		79F2E3CF23CE1D89005D06BB /* CurrencySelectionView */ = {
			isa = PBXGroup;
			children = (
				79F2E3DE23CE1DF6005D06BB /* View */,
				79F2E3E223CE1E28005D06BB /* Presenter */,
			);
			path = CurrencySelectionView;
			sourceTree = "<group>";
		};
		79F2E3D023CE1DA7005D06BB /* DateChangeView */ = {
			isa = PBXGroup;
			children = (
				79F2E3DF23CE1DFD005D06BB /* View */,
				79F2E3E123CE1E1D005D06BB /* Presenter */,
			);
			path = DateChangeView;
			sourceTree = "<group>";
		};
		79F2E3DD23CE1DED005D06BB /* View */ = {
			isa = PBXGroup;
			children = (
				79F2E3D923CE1DE8005D06BB /* ConverterViewController.swift */,
				79F2E3DA23CE1DE8005D06BB /* ConverterViewController.xib */,
			);
			path = View;
			sourceTree = "<group>";
		};
		79F2E3DE23CE1DF6005D06BB /* View */ = {
			isa = PBXGroup;
			children = (
				79F2E3D523CE1DD8005D06BB /* CurrencySelectionViewController.swift */,
				79F2E3D623CE1DD8005D06BB /* CurrencySelectionViewController.xib */,
			);
			path = View;
			sourceTree = "<group>";
		};
		79F2E3DF23CE1DFD005D06BB /* View */ = {
			isa = PBXGroup;
			children = (
				79F2E3D123CE1DC8005D06BB /* DateChangeViewController.swift */,
				79F2E3D223CE1DC8005D06BB /* DateChangeViewController.xib */,
			);
			path = View;
			sourceTree = "<group>";
		};
		79F2E3E123CE1E1D005D06BB /* Presenter */ = {
			isa = PBXGroup;
			children = (
				79F2E3E823CE1E87005D06BB /* DateChangePresenter.swift */,
			);
			path = Presenter;
			sourceTree = "<group>";
		};
		79F2E3E223CE1E28005D06BB /* Presenter */ = {
			isa = PBXGroup;
			children = (
				79F2E3E623CE1E70005D06BB /* CurrencySelectionPresenter.swift */,
			);
			path = Presenter;
			sourceTree = "<group>";
		};
		79F2E3E323CE1E32005D06BB /* Presenter */ = {
			isa = PBXGroup;
			children = (
				79F2E3E423CE1E53005D06BB /* ConverterPresenter.swift */,
			);
			path = Presenter;
			sourceTree = "<group>";
		};
		79F2E3EE23CE1FDD005D06BB /* ServiceLayer */ = {
			isa = PBXGroup;
			children = (
				79F2E3EF23CE1FE9005D06BB /* NetworkService.swift */,
				7933B97B23D22E6800C98ECE /* Parser.swift */,
			);
			path = ServiceLayer;
			sourceTree = "<group>";
		};
/* End PBXGroup section */

/* Begin PBXNativeTarget section */
		79158F172350876E009C133B /* Currency Converter */ = {
			isa = PBXNativeTarget;
			buildConfigurationList = 79158F2C2350876F009C133B /* Build configuration list for PBXNativeTarget "Currency Converter" */;
			buildPhases = (
				79158F142350876E009C133B /* Sources */,
				79158F152350876E009C133B /* Frameworks */,
				79158F162350876E009C133B /* Resources */,
			);
			buildRules = (
			);
			dependencies = (
			);
			name = "Currency Converter";
			productName = "Currency Converter";
			productReference = 79158F182350876E009C133B /* Currency Converter.app */;
			productType = "com.apple.product-type.application";
		};
/* End PBXNativeTarget section */

/* Begin PBXProject section */
		79158F102350876E009C133B /* Project object */ = {
			isa = PBXProject;
			attributes = {
				LastSwiftUpdateCheck = 1100;
				LastUpgradeCheck = 1100;
				ORGANIZATIONNAME = "Johnnie Walker";
				TargetAttributes = {
					79158F172350876E009C133B = {
						CreatedOnToolsVersion = 11.0;
					};
				};
			};
			buildConfigurationList = 79158F132350876E009C133B /* Build configuration list for PBXProject "Currency Converter" */;
			compatibilityVersion = "Xcode 9.3";
			developmentRegion = en;
			hasScannedForEncodings = 0;
			knownRegions = (
				en,
				Base,
			);
			mainGroup = 79158F0F2350876E009C133B;
			productRefGroup = 79158F192350876E009C133B /* Products */;
			projectDirPath = "";
			projectRoot = "";
			targets = (
				79158F172350876E009C133B /* Currency Converter */,
			);
		};
/* End PBXProject section */

/* Begin PBXResourcesBuildPhase section */
		79158F162350876E009C133B /* Resources */ = {
			isa = PBXResourcesBuildPhase;
			buildActionMask = 2147483647;
			files = (
				79F2E3DC23CE1DE8005D06BB /* ConverterViewController.xib in Resources */,
				7933B97E23D22F9500C98ECE /* data.xml in Resources */,
				79158F282350876F009C133B /* LaunchScreen.storyboard in Resources */,
				79F2E3D423CE1DC8005D06BB /* DateChangeViewController.xib in Resources */,
				79F2E3D823CE1DD8005D06BB /* CurrencySelectionViewController.xib in Resources */,
				79F2E3C723CE1C68005D06BB /* CoursesViewController.xib in Resources */,
				79158F252350876F009C133B /* Assets.xcassets in Resources */,
			);
			runOnlyForDeploymentPostprocessing = 0;
		};
/* End PBXResourcesBuildPhase section */

/* Begin PBXSourcesBuildPhase section */
		79158F142350876E009C133B /* Sources */ = {
			isa = PBXSourcesBuildPhase;
			buildActionMask = 2147483647;
			files = (
				79F2E3E923CE1E87005D06BB /* DateChangePresenter.swift in Sources */,
				79F2E3D323CE1DC8005D06BB /* DateChangeViewController.swift in Sources */,
				79F2E3DB23CE1DE8005D06BB /* ConverterViewController.swift in Sources */,
				79C18FE923CF6F89000B06BE /* Currency.swift in Sources */,
				79158F1C2350876E009C133B /* AppDelegate.swift in Sources */,
				7933B97C23D22E6800C98ECE /* Parser.swift in Sources */,
				79158F1E2350876E009C133B /* SceneDelegate.swift in Sources */,
				79F2E3CC23CE1CBE005D06BB /* CoursesPresenter.swift in Sources */,
				79F2E3EB23CE1EFF005D06BB /* Router.swift in Sources */,
				79F2E3E523CE1E53005D06BB /* ConverterPresenter.swift in Sources */,
				79F2E3D723CE1DD8005D06BB /* CurrencySelectionViewController.swift in Sources */,
				79F2E3F023CE1FE9005D06BB /* NetworkService.swift in Sources */,
				79F2E3ED23CE1F0E005D06BB /* AssemblyModelBuilder.swift in Sources */,
				79F2E3C623CE1C68005D06BB /* CoursesViewController.swift in Sources */,
				79F2E3E723CE1E70005D06BB /* CurrencySelectionPresenter.swift in Sources */,
			);
			runOnlyForDeploymentPostprocessing = 0;
		};
/* End PBXSourcesBuildPhase section */

/* Begin PBXVariantGroup section */
		79158F262350876F009C133B /* LaunchScreen.storyboard */ = {
			isa = PBXVariantGroup;
			children = (
				79158F272350876F009C133B /* Base */,
			);
			name = LaunchScreen.storyboard;
			sourceTree = "<group>";
		};
/* End PBXVariantGroup section */

/* Begin XCBuildConfiguration section */
		79158F2A2350876F009C133B /* Debug */ = {
			isa = XCBuildConfiguration;
			buildSettings = {
				ALWAYS_SEARCH_USER_PATHS = NO;
				CLANG_ANALYZER_NONNULL = YES;
				CLANG_ANALYZER_NUMBER_OBJECT_CONVERSION = YES_AGGRESSIVE;
				CLANG_CXX_LANGUAGE_STANDARD = "gnu++14";
				CLANG_CXX_LIBRARY = "libc++";
				CLANG_ENABLE_MODULES = YES;
				CLANG_ENABLE_OBJC_ARC = YES;
				CLANG_ENABLE_OBJC_WEAK = YES;
				CLANG_WARN_BLOCK_CAPTURE_AUTORELEASING = YES;
				CLANG_WARN_BOOL_CONVERSION = YES;
				CLANG_WARN_COMMA = YES;
				CLANG_WARN_CONSTANT_CONVERSION = YES;
				CLANG_WARN_DEPRECATED_OBJC_IMPLEMENTATIONS = YES;
				CLANG_WARN_DIRECT_OBJC_ISA_USAGE = YES_ERROR;
				CLANG_WARN_DOCUMENTATION_COMMENTS = YES;
				CLANG_WARN_EMPTY_BODY = YES;
				CLANG_WARN_ENUM_CONVERSION = YES;
				CLANG_WARN_INFINITE_RECURSION = YES;
				CLANG_WARN_INT_CONVERSION = YES;
				CLANG_WARN_NON_LITERAL_NULL_CONVERSION = YES;
				CLANG_WARN_OBJC_IMPLICIT_RETAIN_SELF = YES;
				CLANG_WARN_OBJC_LITERAL_CONVERSION = YES;
				CLANG_WARN_OBJC_ROOT_CLASS = YES_ERROR;
				CLANG_WARN_RANGE_LOOP_ANALYSIS = YES;
				CLANG_WARN_STRICT_PROTOTYPES = YES;
				CLANG_WARN_SUSPICIOUS_MOVE = YES;
				CLANG_WARN_UNGUARDED_AVAILABILITY = YES_AGGRESSIVE;
				CLANG_WARN_UNREACHABLE_CODE = YES;
				CLANG_WARN__DUPLICATE_METHOD_MATCH = YES;
				COPY_PHASE_STRIP = NO;
				DEBUG_INFORMATION_FORMAT = dwarf;
				ENABLE_STRICT_OBJC_MSGSEND = YES;
				ENABLE_TESTABILITY = YES;
				GCC_C_LANGUAGE_STANDARD = gnu11;
				GCC_DYNAMIC_NO_PIC = NO;
				GCC_NO_COMMON_BLOCKS = YES;
				GCC_OPTIMIZATION_LEVEL = 0;
				GCC_PREPROCESSOR_DEFINITIONS = (
					"DEBUG=1",
					"$(inherited)",
				);
				GCC_WARN_64_TO_32_BIT_CONVERSION = YES;
				GCC_WARN_ABOUT_RETURN_TYPE = YES_ERROR;
				GCC_WARN_UNDECLARED_SELECTOR = YES;
				GCC_WARN_UNINITIALIZED_AUTOS = YES_AGGRESSIVE;
				GCC_WARN_UNUSED_FUNCTION = YES;
				GCC_WARN_UNUSED_VARIABLE = YES;
				IPHONEOS_DEPLOYMENT_TARGET = 13.0;
				MTL_ENABLE_DEBUG_INFO = INCLUDE_SOURCE;
				MTL_FAST_MATH = YES;
				ONLY_ACTIVE_ARCH = YES;
				SDKROOT = iphoneos;
				SWIFT_ACTIVE_COMPILATION_CONDITIONS = DEBUG;
				SWIFT_OPTIMIZATION_LEVEL = "-Onone";
			};
			name = Debug;
		};
		79158F2B2350876F009C133B /* Release */ = {
			isa = XCBuildConfiguration;
			buildSettings = {
				ALWAYS_SEARCH_USER_PATHS = NO;
				CLANG_ANALYZER_NONNULL = YES;
				CLANG_ANALYZER_NUMBER_OBJECT_CONVERSION = YES_AGGRESSIVE;
				CLANG_CXX_LANGUAGE_STANDARD = "gnu++14";
				CLANG_CXX_LIBRARY = "libc++";
				CLANG_ENABLE_MODULES = YES;
				CLANG_ENABLE_OBJC_ARC = YES;
				CLANG_ENABLE_OBJC_WEAK = YES;
				CLANG_WARN_BLOCK_CAPTURE_AUTORELEASING = YES;
				CLANG_WARN_BOOL_CONVERSION = YES;
				CLANG_WARN_COMMA = YES;
				CLANG_WARN_CONSTANT_CONVERSION = YES;
				CLANG_WARN_DEPRECATED_OBJC_IMPLEMENTATIONS = YES;
				CLANG_WARN_DIRECT_OBJC_ISA_USAGE = YES_ERROR;
				CLANG_WARN_DOCUMENTATION_COMMENTS = YES;
				CLANG_WARN_EMPTY_BODY = YES;
				CLANG_WARN_ENUM_CONVERSION = YES;
				CLANG_WARN_INFINITE_RECURSION = YES;
				CLANG_WARN_INT_CONVERSION = YES;
				CLANG_WARN_NON_LITERAL_NULL_CONVERSION = YES;
				CLANG_WARN_OBJC_IMPLICIT_RETAIN_SELF = YES;
				CLANG_WARN_OBJC_LITERAL_CONVERSION = YES;
				CLANG_WARN_OBJC_ROOT_CLASS = YES_ERROR;
				CLANG_WARN_RANGE_LOOP_ANALYSIS = YES;
				CLANG_WARN_STRICT_PROTOTYPES = YES;
				CLANG_WARN_SUSPICIOUS_MOVE = YES;
				CLANG_WARN_UNGUARDED_AVAILABILITY = YES_AGGRESSIVE;
				CLANG_WARN_UNREACHABLE_CODE = YES;
				CLANG_WARN__DUPLICATE_METHOD_MATCH = YES;
				COPY_PHASE_STRIP = NO;
				DEBUG_INFORMATION_FORMAT = "dwarf-with-dsym";
				ENABLE_NS_ASSERTIONS = NO;
				ENABLE_STRICT_OBJC_MSGSEND = YES;
				GCC_C_LANGUAGE_STANDARD = gnu11;
				GCC_NO_COMMON_BLOCKS = YES;
				GCC_WARN_64_TO_32_BIT_CONVERSION = YES;
				GCC_WARN_ABOUT_RETURN_TYPE = YES_ERROR;
				GCC_WARN_UNDECLARED_SELECTOR = YES;
				GCC_WARN_UNINITIALIZED_AUTOS = YES_AGGRESSIVE;
				GCC_WARN_UNUSED_FUNCTION = YES;
				GCC_WARN_UNUSED_VARIABLE = YES;
				IPHONEOS_DEPLOYMENT_TARGET = 13.0;
				MTL_ENABLE_DEBUG_INFO = NO;
				MTL_FAST_MATH = YES;
				SDKROOT = iphoneos;
				SWIFT_COMPILATION_MODE = wholemodule;
				SWIFT_OPTIMIZATION_LEVEL = "-O";
				VALIDATE_PRODUCT = YES;
			};
			name = Release;
		};
		79158F2D2350876F009C133B /* Debug */ = {
			isa = XCBuildConfiguration;
			buildSettings = {
				ASSETCATALOG_COMPILER_APPICON_NAME = AppIcon;
				CODE_SIGN_STYLE = Automatic;
				DEVELOPMENT_TEAM = 96Q9U9SZGB;
				INFOPLIST_FILE = "Currency Converter/Info.plist";
				LD_RUNPATH_SEARCH_PATHS = (
					"$(inherited)",
					"@executable_path/Frameworks",
				);
				PRODUCT_BUNDLE_IDENTIFIER = "Personal-Project.Currency-Converter";
				PRODUCT_NAME = "$(TARGET_NAME)";
				SWIFT_VERSION = 5.0;
				TARGETED_DEVICE_FAMILY = "1,2";
			};
			name = Debug;
		};
		79158F2E2350876F009C133B /* Release */ = {
			isa = XCBuildConfiguration;
			buildSettings = {
				ASSETCATALOG_COMPILER_APPICON_NAME = AppIcon;
				CODE_SIGN_STYLE = Automatic;
				DEVELOPMENT_TEAM = 96Q9U9SZGB;
				INFOPLIST_FILE = "Currency Converter/Info.plist";
				LD_RUNPATH_SEARCH_PATHS = (
					"$(inherited)",
					"@executable_path/Frameworks",
				);
				PRODUCT_BUNDLE_IDENTIFIER = "Personal-Project.Currency-Converter";
				PRODUCT_NAME = "$(TARGET_NAME)";
				SWIFT_VERSION = 5.0;
				TARGETED_DEVICE_FAMILY = "1,2";
			};
			name = Release;
		};
/* End XCBuildConfiguration section */

/* Begin XCConfigurationList section */
		79158F132350876E009C133B /* Build configuration list for PBXProject "Currency Converter" */ = {
			isa = XCConfigurationList;
			buildConfigurations = (
				79158F2A2350876F009C133B /* Debug */,
				79158F2B2350876F009C133B /* Release */,
			);
			defaultConfigurationIsVisible = 0;
			defaultConfigurationName = Release;
		};
		79158F2C2350876F009C133B /* Build configuration list for PBXNativeTarget "Currency Converter" */ = {
			isa = XCConfigurationList;
			buildConfigurations = (
				79158F2D2350876F009C133B /* Debug */,
				79158F2E2350876F009C133B /* Release */,
			);
			defaultConfigurationIsVisible = 0;
			defaultConfigurationName = Release;
		};
/* End XCConfigurationList section */
	};
	rootObject = 79158F102350876E009C133B /* Project object */;
}
